
Microsoft Visual Studio Solution File, Format Version 12.00
# Visual Studio Version 17
VisualStudioVersion = 17.1.32421.90
MinimumVisualStudioVersion = 10.0.40219.1
Project("{FAE04EC0-301F-11D3-BF4B-00C04F79EFBC}") = "Realpath.NewWebSite", "Realpath.NewWebSite.csproj", "{96A7C858-4458-4C5E-91EC-B56B365D1A51}"
EndProject
Global
	GlobalSection(SolutionConfigurationPlatforms) = preSolution
		Debug|Any CPU = Debug|Any CPU
		Release|Any CPU = Release|Any CPU
	EndGlobalSection
	GlobalSection(ProjectConfigurationPlatforms) = postSolution
		{96A7C858-4458-4C5E-91EC-B56B365D1A51}.Debug|Any CPU.ActiveCfg = Debug|Any CPU
		{96A7C858-4458-4C5E-91EC-B56B365D1A51}.Debug|Any CPU.Build.0 = Debug|Any CPU
		{96A7C858-4458-4C5E-91EC-B56B365D1A51}.Release|Any CPU.ActiveCfg = Release|Any CPU
		{96A7C858-4458-4C5E-91EC-B56B365D1A51}.Release|Any CPU.Build.0 = Release|Any CPU
	EndGlobalSection
	GlobalSection(SolutionProperties) = preSolution
		HideSolutionNode = FALSE
	EndGlobalSection
	GlobalSection(ExtensibilityGlobals) = postSolution
		SolutionGuid = {FB150BC4-1375-4982-ABCC-589ACE611CFE}
	EndGlobalSection
EndGlobal
